
Microsoft Visual Studio Solution File, Format Version 12.00
# Visual Studio 15
VisualStudioVersion = 15.0.26124.0
MinimumVisualStudioVersion = 15.0.26124.0
Project("{9A19103F-16F7-4668-BE54-9A1E7A4F7556}") = "Befunge.Exe", "Befunge\Befunge.Exe.csproj", "{3E0076CC-8B5E-446F-A71F-EB71155BAE75}"
EndProject
Project("{9A19103F-16F7-4668-BE54-9A1E7A4F7556}") = "Befunge.Tests", "Befunge.Tests\Befunge.Tests.csproj", "{CCBD7247-FE4C-4F2C-963B-79EC8DC930F1}"
	ProjectSection(ProjectDependencies) = postProject
		{1C6A52CD-F7FE-4664-B147-A47B65D64211} = {1C6A52CD-F7FE-4664-B147-A47B65D64211}
	EndProjectSection
EndProject
Project("{FAE04EC0-301F-11D3-BF4B-00C04F79EFBC}") = "Befunge.Lib", "Befunge.Lib\Befunge.Lib.csproj", "{1C6A52CD-F7FE-4664-B147-A47B65D64211}"
EndProject
Global
	GlobalSection(SolutionConfigurationPlatforms) = preSolution
		Debug|Any CPU = Debug|Any CPU
		Debug|x64 = Debug|x64
		Debug|x86 = Debug|x86
		Release|Any CPU = Release|Any CPU
		Release|x64 = Release|x64
		Release|x86 = Release|x86
	EndGlobalSection
	GlobalSection(ProjectConfigurationPlatforms) = postSolution
		{3E0076CC-8B5E-446F-A71F-EB71155BAE75}.Debug|Any CPU.ActiveCfg = Debug|Any CPU
		{3E0076CC-8B5E-446F-A71F-EB71155BAE75}.Debug|Any CPU.Build.0 = Debug|Any CPU
		{3E0076CC-8B5E-446F-A71F-EB71155BAE75}.Debug|x64.ActiveCfg = Debug|Any CPU
		{3E0076CC-8B5E-446F-A71F-EB71155BAE75}.Debug|x64.Build.0 = Debug|Any CPU
		{3E0076CC-8B5E-446F-A71F-EB71155BAE75}.Debug|x86.ActiveCfg = Debug|Any CPU
		{3E0076CC-8B5E-446F-A71F-EB71155BAE75}.Debug|x86.Build.0 = Debug|Any CPU
		{3E0076CC-8B5E-446F-A71F-EB71155BAE75}.Release|Any CPU.ActiveCfg = Release|Any CPU
		{3E0076CC-8B5E-446F-A71F-EB71155BAE75}.Release|Any CPU.Build.0 = Release|Any CPU
		{3E0076CC-8B5E-446F-A71F-EB71155BAE75}.Release|x64.ActiveCfg = Release|Any CPU
		{3E0076CC-8B5E-446F-A71F-EB71155BAE75}.Release|x64.Build.0 = Release|Any CPU
		{3E0076CC-8B5E-446F-A71F-EB71155BAE75}.Release|x86.ActiveCfg = Release|Any CPU
		{3E0076CC-8B5E-446F-A71F-EB71155BAE75}.Release|x86.Build.0 = Release|Any CPU
		{CCBD7247-FE4C-4F2C-963B-79EC8DC930F1}.Debug|Any CPU.ActiveCfg = Debug|Any CPU
		{CCBD7247-FE4C-4F2C-963B-79EC8DC930F1}.Debug|Any CPU.Build.0 = Debug|Any CPU
		{CCBD7247-FE4C-4F2C-963B-79EC8DC930F1}.Debug|x64.ActiveCfg = Debug|Any CPU
		{CCBD7247-FE4C-4F2C-963B-79EC8DC930F1}.Debug|x64.Build.0 = Debug|Any CPU
		{CCBD7247-FE4C-4F2C-963B-79EC8DC930F1}.Debug|x86.ActiveCfg = Debug|Any CPU
		{CCBD7247-FE4C-4F2C-963B-79EC8DC930F1}.Debug|x86.Build.0 = Debug|Any CPU
		{CCBD7247-FE4C-4F2C-963B-79EC8DC930F1}.Release|Any CPU.ActiveCfg = Release|Any CPU
		{CCBD7247-FE4C-4F2C-963B-79EC8DC930F1}.Release|Any CPU.Build.0 = Release|Any CPU
		{CCBD7247-FE4C-4F2C-963B-79EC8DC930F1}.Release|x64.ActiveCfg = Release|Any CPU
		{CCBD7247-FE4C-4F2C-963B-79EC8DC930F1}.Release|x64.Build.0 = Release|Any CPU
		{CCBD7247-FE4C-4F2C-963B-79EC8DC930F1}.Release|x86.ActiveCfg = Release|Any CPU
		{CCBD7247-FE4C-4F2C-963B-79EC8DC930F1}.Release|x86.Build.0 = Release|Any CPU
		{1C6A52CD-F7FE-4664-B147-A47B65D64211}.Debug|Any CPU.ActiveCfg = Debug|Any CPU
		{1C6A52CD-F7FE-4664-B147-A47B65D64211}.Debug|Any CPU.Build.0 = Debug|Any CPU
		{1C6A52CD-F7FE-4664-B147-A47B65D64211}.Debug|x64.ActiveCfg = Debug|Any CPU
		{1C6A52CD-F7FE-4664-B147-A47B65D64211}.Debug|x64.Build.0 = Debug|Any CPU
		{1C6A52CD-F7FE-4664-B147-A47B65D64211}.Debug|x86.ActiveCfg = Debug|Any CPU
		{1C6A52CD-F7FE-4664-B147-A47B65D64211}.Debug|x86.Build.0 = Debug|Any CPU
		{1C6A52CD-F7FE-4664-B147-A47B65D64211}.Release|Any CPU.ActiveCfg = Release|Any CPU
		{1C6A52CD-F7FE-4664-B147-A47B65D64211}.Release|Any CPU.Build.0 = Release|Any CPU
		{1C6A52CD-F7FE-4664-B147-A47B65D64211}.Release|x64.ActiveCfg = Release|Any CPU
		{1C6A52CD-F7FE-4664-B147-A47B65D64211}.Release|x64.Build.0 = Release|Any CPU
		{1C6A52CD-F7FE-4664-B147-A47B65D64211}.Release|x86.ActiveCfg = Release|Any CPU
		{1C6A52CD-F7FE-4664-B147-A47B65D64211}.Release|x86.Build.0 = Release|Any CPU
	EndGlobalSection
	GlobalSection(SolutionProperties) = preSolution
		HideSolutionNode = FALSE
	EndGlobalSection
	GlobalSection(ExtensibilityGlobals) = postSolution
		SolutionGuid = {A3E55F2F-99A6-49DF-B2BC-E90ECAED26BA}
	EndGlobalSection
EndGlobal
